// !$*UTF8*$!
{
	archiveVersion = 1;
	classes = {
	};
	objectVersion = 55;
	objects = {

/* Begin PBXBuildFile section */
		83B2A5B827AA492400C659C0 /* AppDelegate.swift in Sources */ = {isa = PBXBuildFile; fileRef = 83B2A5B727AA492400C659C0 /* AppDelegate.swift */; };
		83B2A5BA27AA492400C659C0 /* SceneDelegate.swift in Sources */ = {isa = PBXBuildFile; fileRef = 83B2A5B927AA492400C659C0 /* SceneDelegate.swift */; };
		83B2A5BC27AA492400C659C0 /* ViewController.swift in Sources */ = {isa = PBXBuildFile; fileRef = 83B2A5BB27AA492400C659C0 /* ViewController.swift */; };
		83B2A5BF27AA492400C659C0 /* Main.storyboard in Resources */ = {isa = PBXBuildFile; fileRef = 83B2A5BD27AA492400C659C0 /* Main.storyboard */; };
		83B2A5C127AA492500C659C0 /* Assets.xcassets in Resources */ = {isa = PBXBuildFile; fileRef = 83B2A5C027AA492500C659C0 /* Assets.xcassets */; };
		83B2A5C427AA492500C659C0 /* LaunchScreen.storyboard in Resources */ = {isa = PBXBuildFile; fileRef = 83B2A5C227AA492500C659C0 /* LaunchScreen.storyboard */; };
		83B2A5E727AA49BF00C659C0 /* 结构体.swift in Sources */ = {isa = PBXBuildFile; fileRef = 83B2A5DE27AA49BF00C659C0 /* 结构体.swift */; };
		83B2A5E827AA49BF00C659C0 /* 函数.swift in Sources */ = {isa = PBXBuildFile; fileRef = 83B2A5DF27AA49BF00C659C0 /* 函数.swift */; };
		83B2A5E927AA49BF00C659C0 /* 访问级别.swift in Sources */ = {isa = PBXBuildFile; fileRef = 83B2A5E027AA49BF00C659C0 /* 访问级别.swift */; };
		83B2A5EA27AA49BF00C659C0 /* 可选项.swift in Sources */ = {isa = PBXBuildFile; fileRef = 83B2A5E127AA49BF00C659C0 /* 可选项.swift */; };
		83B2A5EB27AA49BF00C659C0 /* 基本运算符.swift in Sources */ = {isa = PBXBuildFile; fileRef = 83B2A5E227AA49BF00C659C0 /* 基本运算符.swift */; };
		83B2A5EC27AA49BF00C659C0 /* 流程控制.swift in Sources */ = {isa = PBXBuildFile; fileRef = 83B2A5E327AA49BF00C659C0 /* 流程控制.swift */; };
		83B2A5ED27AA49BF00C659C0 /* 枚举.swift in Sources */ = {isa = PBXBuildFile; fileRef = 83B2A5E427AA49BF00C659C0 /* 枚举.swift */; };
		83B2A5EE27AA49BF00C659C0 /* Protocal协议.swift in Sources */ = {isa = PBXBuildFile; fileRef = 83B2A5E527AA49BF00C659C0 /* Protocal协议.swift */; };
		83B2A5EF27AA49BF00C659C0 /* 闭包.swift in Sources */ = {isa = PBXBuildFile; fileRef = 83B2A5E627AA49BF00C659C0 /* 闭包.swift */; };
/* End PBXBuildFile section */

/* Begin PBXFileReference section */
		83B2A5B427AA492400C659C0 /* SwiftPractical.app */ = {isa = PBXFileReference; explicitFileType = wrapper.application; includeInIndex = 0; path = SwiftPractical.app; sourceTree = BUILT_PRODUCTS_DIR; };
		83B2A5B727AA492400C659C0 /* AppDelegate.swift */ = {isa = PBXFileReference; lastKnownFileType = sourcecode.swift; path = AppDelegate.swift; sourceTree = "<group>"; };
		83B2A5B927AA492400C659C0 /* SceneDelegate.swift */ = {isa = PBXFileReference; lastKnownFileType = sourcecode.swift; path = SceneDelegate.swift; sourceTree = "<group>"; };
		83B2A5BB27AA492400C659C0 /* ViewController.swift */ = {isa = PBXFileReference; lastKnownFileType = sourcecode.swift; path = ViewController.swift; sourceTree = "<group>"; };
		83B2A5BE27AA492400C659C0 /* Base */ = {isa = PBXFileReference; lastKnownFileType = file.storyboard; name = Base; path = Base.lproj/Main.storyboard; sourceTree = "<group>"; };
		83B2A5C027AA492500C659C0 /* Assets.xcassets */ = {isa = PBXFileReference; lastKnownFileType = folder.assetcatalog; path = Assets.xcassets; sourceTree = "<group>"; };
		83B2A5C327AA492500C659C0 /* Base */ = {isa = PBXFileReference; lastKnownFileType = file.storyboard; name = Base; path = Base.lproj/LaunchScreen.storyboard; sourceTree = "<group>"; };
		83B2A5C527AA492500C659C0 /* Info.plist */ = {isa = PBXFileReference; lastKnownFileType = text.plist.xml; path = Info.plist; sourceTree = "<group>"; };
		83B2A5DE27AA49BF00C659C0 /* 结构体.swift */ = {isa = PBXFileReference; fileEncoding = 4; lastKnownFileType = sourcecode.swift; path = "结构体.swift"; sourceTree = "<group>"; };
		83B2A5DF27AA49BF00C659C0 /* 函数.swift */ = {isa = PBXFileReference; fileEncoding = 4; lastKnownFileType = sourcecode.swift; path = "函数.swift"; sourceTree = "<group>"; };
		83B2A5E027AA49BF00C659C0 /* 访问级别.swift */ = {isa = PBXFileReference; fileEncoding = 4; lastKnownFileType = sourcecode.swift; path = "访问级别.swift"; sourceTree = "<group>"; };
		83B2A5E127AA49BF00C659C0 /* 可选项.swift */ = {isa = PBXFileReference; fileEncoding = 4; lastKnownFileType = sourcecode.swift; path = "可选项.swift"; sourceTree = "<group>"; };
		83B2A5E227AA49BF00C659C0 /* 基本运算符.swift */ = {isa = PBXFileReference; fileEncoding = 4; lastKnownFileType = sourcecode.swift; path = "基本运算符.swift"; sourceTree = "<group>"; };
		83B2A5E327AA49BF00C659C0 /* 流程控制.swift */ = {isa = PBXFileReference; fileEncoding = 4; lastKnownFileType = sourcecode.swift; path = "流程控制.swift"; sourceTree = "<group>"; };
		83B2A5E427AA49BF00C659C0 /* 枚举.swift */ = {isa = PBXFileReference; fileEncoding = 4; lastKnownFileType = sourcecode.swift; path = "枚举.swift"; sourceTree = "<group>"; };
		83B2A5E527AA49BF00C659C0 /* Protocal协议.swift */ = {isa = PBXFileReference; fileEncoding = 4; lastKnownFileType = sourcecode.swift; path = "Protocal协议.swift"; sourceTree = "<group>"; };
		83B2A5E627AA49BF00C659C0 /* 闭包.swift */ = {isa = PBXFileReference; fileEncoding = 4; lastKnownFileType = sourcecode.swift; path = "闭包.swift"; sourceTree = "<group>"; };
/* End PBXFileReference section */

/* Begin PBXFrameworksBuildPhase section */
		83B2A5B127AA492400C659C0 /* Frameworks */ = {
			isa = PBXFrameworksBuildPhase;
			buildActionMask = 2147483647;
			files = (
			);
			runOnlyForDeploymentPostprocessing = 0;
		};
/* End PBXFrameworksBuildPhase section */

/* Begin PBXGroup section */
		83B2A5AB27AA492400C659C0 = {
			isa = PBXGroup;
			children = (
				83B2A5B627AA492400C659C0 /* SwiftPractical */,
				83B2A5B527AA492400C659C0 /* Products */,
			);
			sourceTree = "<group>";
		};
		83B2A5B527AA492400C659C0 /* Products */ = {
			isa = PBXGroup;
			children = (
				83B2A5B427AA492400C659C0 /* SwiftPractical.app */,
			);
			name = Products;
			sourceTree = "<group>";
		};
		83B2A5B627AA492400C659C0 /* SwiftPractical */ = {
			isa = PBXGroup;
			children = (
				83B2A5B727AA492400C659C0 /* AppDelegate.swift */,
				83B2A5B927AA492400C659C0 /* SceneDelegate.swift */,
				83B2A5BB27AA492400C659C0 /* ViewController.swift */,
				83B2A5DD27AA49BF00C659C0 /* Classes */,
				83B2A5BD27AA492400C659C0 /* Main.storyboard */,
				83B2A5C027AA492500C659C0 /* Assets.xcassets */,
				83B2A5C227AA492500C659C0 /* LaunchScreen.storyboard */,
				83B2A5C527AA492500C659C0 /* Info.plist */,
			);
			path = SwiftPractical;
			sourceTree = "<group>";
		};
		83B2A5DD27AA49BF00C659C0 /* Classes */ = {
			isa = PBXGroup;
			children = (
				83B2A5E627AA49BF00C659C0 /* 闭包.swift */,
				83B2A5E027AA49BF00C659C0 /* 访问级别.swift */,
				83B2A5DF27AA49BF00C659C0 /* 函数.swift */,
				83B2A5E227AA49BF00C659C0 /* 基本运算符.swift */,
				83B2A5DE27AA49BF00C659C0 /* 结构体.swift */,
				83B2A5E127AA49BF00C659C0 /* 可选项.swift */,
				83B2A5E327AA49BF00C659C0 /* 流程控制.swift */,
				83B2A5E427AA49BF00C659C0 /* 枚举.swift */,
				83B2A5E527AA49BF00C659C0 /* Protocal协议.swift */,
			);
			path = Classes;
			sourceTree = "<group>";
		};
/* End PBXGroup section */

/* Begin PBXNativeTarget section */
		83B2A5B327AA492400C659C0 /* SwiftPractical */ = {
			isa = PBXNativeTarget;
			buildConfigurationList = 83B2A5C827AA492500C659C0 /* Build configuration list for PBXNativeTarget "SwiftPractical" */;
			buildPhases = (
				83B2A5B027AA492400C659C0 /* Sources */,
				83B2A5B127AA492400C659C0 /* Frameworks */,
				83B2A5B227AA492400C659C0 /* Resources */,
			);
			buildRules = (
			);
			dependencies = (
			);
			name = SwiftPractical;
			productName = SwiftPractical;
			productReference = 83B2A5B427AA492400C659C0 /* SwiftPractical.app */;
			productType = "com.apple.product-type.application";
		};
/* End PBXNativeTarget section */

/* Begin PBXProject section */
		83B2A5AC27AA492400C659C0 /* Project object */ = {
			isa = PBXProject;
			attributes = {
				BuildIndependentTargetsInParallel = 1;
				LastSwiftUpdateCheck = 1310;
				LastUpgradeCheck = 1310;
				TargetAttributes = {
					83B2A5B327AA492400C659C0 = {
						CreatedOnToolsVersion = 13.1;
					};
				};
			};
			buildConfigurationList = 83B2A5AF27AA492400C659C0 /* Build configuration list for PBXProject "SwiftPractical" */;
			compatibilityVersion = "Xcode 13.0";
			developmentRegion = en;
			hasScannedForEncodings = 0;
			knownRegions = (
				en,
				Base,
			);
			mainGroup = 83B2A5AB27AA492400C659C0;
			productRefGroup = 83B2A5B527AA492400C659C0 /* Products */;
			projectDirPath = "";
			projectRoot = "";
			targets = (
				83B2A5B327AA492400C659C0 /* SwiftPractical */,
			);
		};
/* End PBXProject section */

/* Begin PBXResourcesBuildPhase section */
		83B2A5B227AA492400C659C0 /* Resources */ = {
			isa = PBXResourcesBuildPhase;
			buildActionMask = 2147483647;
			files = (
				83B2A5C427AA492500C659C0 /* LaunchScreen.storyboard in Resources */,
				83B2A5C127AA492500C659C0 /* Assets.xcassets in Resources */,
				83B2A5BF27AA492400C659C0 /* Main.storyboard in Resources */,
			);
			runOnlyForDeploymentPostprocessing = 0;
		};
/* End PBXResourcesBuildPhase section */

/* Begin PBXSourcesBuildPhase section */
		83B2A5B027AA492400C659C0 /* Sources */ = {
			isa = PBXSourcesBuildPhase;
			buildActionMask = 2147483647;
			files = (
				83B2A5E927AA49BF00C659C0 /* 访问级别.swift in Sources */,
				83B2A5EB27AA49BF00C659C0 /* 基本运算符.swift in Sources */,
				83B2A5EE27AA49BF00C659C0 /* Protocal协议.swift in Sources */,
				83B2A5EC27AA49BF00C659C0 /* 流程控制.swift in Sources */,
				83B2A5ED27AA49BF00C659C0 /* 枚举.swift in Sources */,
				83B2A5BC27AA492400C659C0 /* ViewController.swift in Sources */,
				83B2A5B827AA492400C659C0 /* AppDelegate.swift in Sources */,
				83B2A5EA27AA49BF00C659C0 /* 可选项.swift in Sources */,
				83B2A5E727AA49BF00C659C0 /* 结构体.swift in Sources */,
				83B2A5EF27AA49BF00C659C0 /* 闭包.swift in Sources */,
				83B2A5E827AA49BF00C659C0 /* 函数.swift in Sources */,
				83B2A5BA27AA492400C659C0 /* SceneDelegate.swift in Sources */,
			);
			runOnlyForDeploymentPostprocessing = 0;
		};
/* End PBXSourcesBuildPhase section */

/* Begin PBXVariantGroup section */
		83B2A5BD27AA492400C659C0 /* Main.storyboard */ = {
			isa = PBXVariantGroup;
			children = (
				83B2A5BE27AA492400C659C0 /* Base */,
			);
			name = Main.storyboard;
			sourceTree = "<group>";
		};
		83B2A5C227AA492500C659C0 /* LaunchScreen.storyboard */ = {
			isa = PBXVariantGroup;
			children = (
				83B2A5C327AA492500C659C0 /* Base */,
			);
			name = LaunchScreen.storyboard;
			sourceTree = "<group>";
		};
/* End PBXVariantGroup section */

/* Begin XCBuildConfiguration section */
		83B2A5C627AA492500C659C0 /* Debug */ = {
			isa = XCBuildConfiguration;
			buildSettings = {
				ALWAYS_SEARCH_USER_PATHS = NO;
				CLANG_ANALYZER_NONNULL = YES;
				CLANG_ANALYZER_NUMBER_OBJECT_CONVERSION = YES_AGGRESSIVE;
				CLANG_CXX_LANGUAGE_STANDARD = "gnu++17";
				CLANG_CXX_LIBRARY = "libc++";
				CLANG_ENABLE_MODULES = YES;
				CLANG_ENABLE_OBJC_ARC = YES;
				CLANG_ENABLE_OBJC_WEAK = YES;
				CLANG_WARN_BLOCK_CAPTURE_AUTORELEASING = YES;
				CLANG_WARN_BOOL_CONVERSION = YES;
				CLANG_WARN_COMMA = YES;
				CLANG_WARN_CONSTANT_CONVERSION = YES;
				CLANG_WARN_DEPRECATED_OBJC_IMPLEMENTATIONS = YES;
				CLANG_WARN_DIRECT_OBJC_ISA_USAGE = YES_ERROR;
				CLANG_WARN_DOCUMENTATION_COMMENTS = YES;
				CLANG_WARN_EMPTY_BODY = YES;
				CLANG_WARN_ENUM_CONVERSION = YES;
				CLANG_WARN_INFINITE_RECURSION = YES;
				CLANG_WARN_INT_CONVERSION = YES;
				CLANG_WARN_NON_LITERAL_NULL_CONVERSION = YES;
				CLANG_WARN_OBJC_IMPLICIT_RETAIN_SELF = YES;
				CLANG_WARN_OBJC_LITERAL_CONVERSION = YES;
				CLANG_WARN_OBJC_ROOT_CLASS = YES_ERROR;
				CLANG_WARN_QUOTED_INCLUDE_IN_FRAMEWORK_HEADER = YES;
				CLANG_WARN_RANGE_LOOP_ANALYSIS = YES;
				CLANG_WARN_STRICT_PROTOTYPES = YES;
				CLANG_WARN_SUSPICIOUS_MOVE = YES;
				CLANG_WARN_UNGUARDED_AVAILABILITY = YES_AGGRESSIVE;
				CLANG_WARN_UNREACHABLE_CODE = YES;
				CLANG_WARN__DUPLICATE_METHOD_MATCH = YES;
				COPY_PHASE_STRIP = NO;
				DEBUG_INFORMATION_FORMAT = dwarf;
				ENABLE_STRICT_OBJC_MSGSEND = YES;
				ENABLE_TESTABILITY = YES;
				GCC_C_LANGUAGE_STANDARD = gnu11;
				GCC_DYNAMIC_NO_PIC = NO;
				GCC_NO_COMMON_BLOCKS = YES;
				GCC_OPTIMIZATION_LEVEL = 0;
				GCC_PREPROCESSOR_DEFINITIONS = (
					"DEBUG=1",
					"$(inherited)",
				);
				GCC_WARN_64_TO_32_BIT_CONVERSION = YES;
				GCC_WARN_ABOUT_RETURN_TYPE = YES_ERROR;
				GCC_WARN_UNDECLARED_SELECTOR = YES;
				GCC_WARN_UNINITIALIZED_AUTOS = YES_AGGRESSIVE;
				GCC_WARN_UNUSED_FUNCTION = YES;
				GCC_WARN_UNUSED_VARIABLE = YES;
				IPHONEOS_DEPLOYMENT_TARGET = 15.0;
				MTL_ENABLE_DEBUG_INFO = INCLUDE_SOURCE;
				MTL_FAST_MATH = YES;
				ONLY_ACTIVE_ARCH = YES;
				SDKROOT = iphoneos;
				SWIFT_ACTIVE_COMPILATION_CONDITIONS = DEBUG;
				SWIFT_OPTIMIZATION_LEVEL = "-Onone";
			};
			name = Debug;
		};
		83B2A5C727AA492500C659C0 /* Release */ = {
			isa = XCBuildConfiguration;
			buildSettings = {
				ALWAYS_SEARCH_USER_PATHS = NO;
				CLANG_ANALYZER_NONNULL = YES;
				CLANG_ANALYZER_NUMBER_OBJECT_CONVERSION = YES_AGGRESSIVE;
				CLANG_CXX_LANGUAGE_STANDARD = "gnu++17";
				CLANG_CXX_LIBRARY = "libc++";
				CLANG_ENABLE_MODULES = YES;
				CLANG_ENABLE_OBJC_ARC = YES;
				CLANG_ENABLE_OBJC_WEAK = YES;
				CLANG_WARN_BLOCK_CAPTURE_AUTORELEASING = YES;
				CLANG_WARN_BOOL_CONVERSION = YES;
				CLANG_WARN_COMMA = YES;
				CLANG_WARN_CONSTANT_CONVERSION = YES;
				CLANG_WARN_DEPRECATED_OBJC_IMPLEMENTATIONS = YES;
				CLANG_WARN_DIRECT_OBJC_ISA_USAGE = YES_ERROR;
				CLANG_WARN_DOCUMENTATION_COMMENTS = YES;
				CLANG_WARN_EMPTY_BODY = YES;
				CLANG_WARN_ENUM_CONVERSION = YES;
				CLANG_WARN_INFINITE_RECURSION = YES;
				CLANG_WARN_INT_CONVERSION = YES;
				CLANG_WARN_NON_LITERAL_NULL_CONVERSION = YES;
				CLANG_WARN_OBJC_IMPLICIT_RETAIN_SELF = YES;
				CLANG_WARN_OBJC_LITERAL_CONVERSION = YES;
				CLANG_WARN_OBJC_ROOT_CLASS = YES_ERROR;
				CLANG_WARN_QUOTED_INCLUDE_IN_FRAMEWORK_HEADER = YES;
				CLANG_WARN_RANGE_LOOP_ANALYSIS = YES;
				CLANG_WARN_STRICT_PROTOTYPES = YES;
				CLANG_WARN_SUSPICIOUS_MOVE = YES;
				CLANG_WARN_UNGUARDED_AVAILABILITY = YES_AGGRESSIVE;
				CLANG_WARN_UNREACHABLE_CODE = YES;
				CLANG_WARN__DUPLICATE_METHOD_MATCH = YES;
				COPY_PHASE_STRIP = NO;
				DEBUG_INFORMATION_FORMAT = "dwarf-with-dsym";
				ENABLE_NS_ASSERTIONS = NO;
				ENABLE_STRICT_OBJC_MSGSEND = YES;
				GCC_C_LANGUAGE_STANDARD = gnu11;
				GCC_NO_COMMON_BLOCKS = YES;
				GCC_WARN_64_TO_32_BIT_CONVERSION = YES;
				GCC_WARN_ABOUT_RETURN_TYPE = YES_ERROR;
				GCC_WARN_UNDECLARED_SELECTOR = YES;
				GCC_WARN_UNINITIALIZED_AUTOS = YES_AGGRESSIVE;
				GCC_WARN_UNUSED_FUNCTION = YES;
				GCC_WARN_UNUSED_VARIABLE = YES;
				IPHONEOS_DEPLOYMENT_TARGET = 15.0;
				MTL_ENABLE_DEBUG_INFO = NO;
				MTL_FAST_MATH = YES;
				SDKROOT = iphoneos;
				SWIFT_COMPILATION_MODE = wholemodule;
				SWIFT_OPTIMIZATION_LEVEL = "-O";
				VALIDATE_PRODUCT = YES;
			};
			name = Release;
		};
		83B2A5C927AA492500C659C0 /* Debug */ = {
			isa = XCBuildConfiguration;
			buildSettings = {
				ASSETCATALOG_COMPILER_APPICON_NAME = AppIcon;
				ASSETCATALOG_COMPILER_GLOBAL_ACCENT_COLOR_NAME = AccentColor;
				CODE_SIGN_STYLE = Automatic;
				CURRENT_PROJECT_VERSION = 1;
				DEVELOPMENT_TEAM = J9NBUFPPP4;
				GENERATE_INFOPLIST_FILE = YES;
				INFOPLIST_FILE = SwiftPractical/Info.plist;
				INFOPLIST_KEY_UIApplicationSupportsIndirectInputEvents = YES;
				INFOPLIST_KEY_UILaunchStoryboardName = LaunchScreen;
				INFOPLIST_KEY_UIMainStoryboardFile = Main;
				INFOPLIST_KEY_UISupportedInterfaceOrientations_iPad = "UIInterfaceOrientationPortrait UIInterfaceOrientationPortraitUpsideDown UIInterfaceOrientationLandscapeLeft UIInterfaceOrientationLandscapeRight";
				INFOPLIST_KEY_UISupportedInterfaceOrientations_iPhone = "UIInterfaceOrientationPortrait UIInterfaceOrientationLandscapeLeft UIInterfaceOrientationLandscapeRight";
				IPHONEOS_DEPLOYMENT_TARGET = 15.0;
				LD_RUNPATH_SEARCH_PATHS = (
					"$(inherited)",
					"@executable_path/Frameworks",
				);
				MARKETING_VERSION = 1.0;
				PRODUCT_BUNDLE_IDENTIFIER = hanbook.SwiftPractical;
				PRODUCT_NAME = "$(TARGET_NAME)";
				SWIFT_EMIT_LOC_STRINGS = YES;
				SWIFT_VERSION = 5.0;
				TARGETED_DEVICE_FAMILY = "1,2";
			};
			name = Debug;
		};
		83B2A5CA27AA492500C659C0 /* Release */ = {
			isa = XCBuildConfiguration;
			buildSettings = {
				ASSETCATALOG_COMPILER_APPICON_NAME = AppIcon;
				ASSETCATALOG_COMPILER_GLOBAL_ACCENT_COLOR_NAME = AccentColor;
				CODE_SIGN_STYLE = Automatic;
				CURRENT_PROJECT_VERSION = 1;
				DEVELOPMENT_TEAM = J9NBUFPPP4;
				GENERATE_INFOPLIST_FILE = YES;
				INFOPLIST_FILE = SwiftPractical/Info.plist;
				INFOPLIST_KEY_UIApplicationSupportsIndirectInputEvents = YES;
				INFOPLIST_KEY_UILaunchStoryboardName = LaunchScreen;
				INFOPLIST_KEY_UIMainStoryboardFile = Main;
				INFOPLIST_KEY_UISupportedInterfaceOrientations_iPad = "UIInterfaceOrientationPortrait UIInterfaceOrientationPortraitUpsideDown UIInterfaceOrientationLandscapeLeft UIInterfaceOrientationLandscapeRight";
				INFOPLIST_KEY_UISupportedInterfaceOrientations_iPhone = "UIInterfaceOrientationPortrait UIInterfaceOrientationLandscapeLeft UIInterfaceOrientationLandscapeRight";
				IPHONEOS_DEPLOYMENT_TARGET = 15.0;
				LD_RUNPATH_SEARCH_PATHS = (
					"$(inherited)",
					"@executable_path/Frameworks",
				);
				MARKETING_VERSION = 1.0;
				PRODUCT_BUNDLE_IDENTIFIER = hanbook.SwiftPractical;
				PRODUCT_NAME = "$(TARGET_NAME)";
				SWIFT_EMIT_LOC_STRINGS = YES;
				SWIFT_VERSION = 5.0;
				TARGETED_DEVICE_FAMILY = "1,2";
			};
			name = Release;
		};
/* End XCBuildConfiguration section */

/* Begin XCConfigurationList section */
		83B2A5AF27AA492400C659C0 /* Build configuration list for PBXProject "SwiftPractical" */ = {
			isa = XCConfigurationList;
			buildConfigurations = (
				83B2A5C627AA492500C659C0 /* Debug */,
				83B2A5C727AA492500C659C0 /* Release */,
			);
			defaultConfigurationIsVisible = 0;
			defaultConfigurationName = Release;
		};
		83B2A5C827AA492500C659C0 /* Build configuration list for PBXNativeTarget "SwiftPractical" */ = {
			isa = XCConfigurationList;
			buildConfigurations = (
				83B2A5C927AA492500C659C0 /* Debug */,
				83B2A5CA27AA492500C659C0 /* Release */,
			);
			defaultConfigurationIsVisible = 0;
			defaultConfigurationName = Release;
		};
/* End XCConfigurationList section */
	};
	rootObject = 83B2A5AC27AA492400C659C0 /* Project object */;
}
